# This file is automatically @generated by Poetry 1.6.1 and should not be changed by hand.

[[package]]
name = "bashlex"
version = "0.18"
description = "Python parser for bash"
optional = false
python-versions = ">=2.7, !=3.0, !=3.1, !=3.2, !=3.3, !=3.4"
files = [
    {file = "bashlex-0.18-py2.py3-none-any.whl", hash = "sha256:91d73a23a3e51711919c1c899083890cdecffc91d8c088942725ac13e9dcfffa"},
    {file = "bashlex-0.18.tar.gz", hash = "sha256:5bb03a01c6d5676338c36fd1028009c8ad07e7d61d8a1ce3f513b7fff52796ee"},
]

[[package]]
name = "shellcheck-py"
version = "0.7.2.1"
description = "Python wrapper around invoking shellcheck (https://www.shellcheck.net/)"
optional = true
python-versions = ">=3.6"
files = [
    {file = "shellcheck_py-0.7.2.1-py2.py3-none-macosx_10_14_x86_64.whl", hash = "sha256:8855607a09888a7fcc6d9289772a29847d19b9785fd57239993db487a861a977"},
    {file = "shellcheck_py-0.7.2.1-py2.py3-none-manylinux1_x86_64.whl", hash = "sha256:9f0e0a6498102bb8a72d1e268b34615f5f2f0abdbb70196261fd9c2ac75cbb08"},
    {file = "shellcheck_py-0.7.2.1-py2.py3-none-win_amd64.whl", hash = "sha256:d594a9750e322b23894f0dd1447542078ad7da6ad4cd3628e6f22707352abd42"},
    {file = "shellcheck_py-0.7.2.1.tar.gz", hash = "sha256:a45daaab5b3e60daca6c72935d847075aa1177f1d0e01a258268b17a88b5c7e0"},
]

[metadata]
lock-version = "2.0"
python-versions = "^3.6"
content-hash = "7ede8444345f523a840c5aa1fbcf6575b537cc7d11316ea5e385fb43c5a581db"
